// !$*UTF8*$!
{
	archiveVersion = 1;
	classes = {
	};
	objectVersion = 46;
	objects = {

/* Begin PBXBuildFile section */
		840212A71EAB372600356FD3 /* RegisterViewController.swift in Sources */ = {isa = PBXBuildFile; fileRef = 840212A61EAB372600356FD3 /* RegisterViewController.swift */; };
		847CBFED1EAA76FE00F479D0 /* Utilities.swift in Sources */ = {isa = PBXBuildFile; fileRef = 847CBFEC1EAA76FE00F479D0 /* Utilities.swift */; };
		84EBA4A01EABE95D00440D7C /* Constants.swift in Sources */ = {isa = PBXBuildFile; fileRef = 84EBA49F1EABE95D00440D7C /* Constants.swift */; };
		84EC7F521EA9031000415463 /* AppDelegate.swift in Sources */ = {isa = PBXBuildFile; fileRef = 84EC7F511EA9031000415463 /* AppDelegate.swift */; };
		84EC7F541EA9031000415463 /* SignInViewController.swift in Sources */ = {isa = PBXBuildFile; fileRef = 84EC7F531EA9031000415463 /* SignInViewController.swift */; };
		84EC7F571EA9031000415463 /* Main.storyboard in Resources */ = {isa = PBXBuildFile; fileRef = 84EC7F551EA9031000415463 /* Main.storyboard */; };
		84EC7F591EA9031000415463 /* Assets.xcassets in Resources */ = {isa = PBXBuildFile; fileRef = 84EC7F581EA9031000415463 /* Assets.xcassets */; };
		84EC7F5C1EA9031000415463 /* LaunchScreen.storyboard in Resources */ = {isa = PBXBuildFile; fileRef = 84EC7F5A1EA9031000415463 /* LaunchScreen.storyboard */; };
		84EC7F641EAA557800415463 /* GoogleService-Info.plist in Resources */ = {isa = PBXBuildFile; fileRef = 84EC7F631EAA557800415463 /* GoogleService-Info.plist */; };
		F7ED93D5EE27D55108385ACA /* Pods_Blood_Bank_Bangladesh.framework in Frameworks */ = {isa = PBXBuildFile; fileRef = 29497669D97ACD59DD1F1772 /* Pods_Blood_Bank_Bangladesh.framework */; };
/* End PBXBuildFile section */

/* Begin PBXFileReference section */
		2397023F06EBAD9E0AE77161 /* Pods-Blood Bank Bangladesh.release.xcconfig */ = {isa = PBXFileReference; includeInIndex = 1; lastKnownFileType = text.xcconfig; name = "Pods-Blood Bank Bangladesh.release.xcconfig"; path = "Pods/Target Support Files/Pods-Blood Bank Bangladesh/Pods-Blood Bank Bangladesh.release.xcconfig"; sourceTree = "<group>"; };
		29497669D97ACD59DD1F1772 /* Pods_Blood_Bank_Bangladesh.framework */ = {isa = PBXFileReference; explicitFileType = wrapper.framework; includeInIndex = 0; path = Pods_Blood_Bank_Bangladesh.framework; sourceTree = BUILT_PRODUCTS_DIR; };
		561ABD858ACBF7D5EC583EE7 /* Pods-Blood Bank Bangladesh.debug.xcconfig */ = {isa = PBXFileReference; includeInIndex = 1; lastKnownFileType = text.xcconfig; name = "Pods-Blood Bank Bangladesh.debug.xcconfig"; path = "Pods/Target Support Files/Pods-Blood Bank Bangladesh/Pods-Blood Bank Bangladesh.debug.xcconfig"; sourceTree = "<group>"; };
		840212A61EAB372600356FD3 /* RegisterViewController.swift */ = {isa = PBXFileReference; fileEncoding = 4; lastKnownFileType = sourcecode.swift; path = RegisterViewController.swift; sourceTree = "<group>"; };
		847CBFEC1EAA76FE00F479D0 /* Utilities.swift */ = {isa = PBXFileReference; fileEncoding = 4; lastKnownFileType = sourcecode.swift; path = Utilities.swift; sourceTree = "<group>"; };
		84EBA49F1EABE95D00440D7C /* Constants.swift */ = {isa = PBXFileReference; fileEncoding = 4; lastKnownFileType = sourcecode.swift; name = Constants.swift; path = ../Constants.swift; sourceTree = "<group>"; };
		84EC7F4E1EA9031000415463 /* Blood Bank Bangladesh.app */ = {isa = PBXFileReference; explicitFileType = wrapper.application; includeInIndex = 0; path = "Blood Bank Bangladesh.app"; sourceTree = BUILT_PRODUCTS_DIR; };
		84EC7F511EA9031000415463 /* AppDelegate.swift */ = {isa = PBXFileReference; lastKnownFileType = sourcecode.swift; path = AppDelegate.swift; sourceTree = "<group>"; };
		84EC7F531EA9031000415463 /* SignInViewController.swift */ = {isa = PBXFileReference; lastKnownFileType = sourcecode.swift; path = SignInViewController.swift; sourceTree = "<group>"; };
		84EC7F561EA9031000415463 /* Base */ = {isa = PBXFileReference; lastKnownFileType = file.storyboard; name = Base; path = Base.lproj/Main.storyboard; sourceTree = "<group>"; };
		84EC7F581EA9031000415463 /* Assets.xcassets */ = {isa = PBXFileReference; lastKnownFileType = folder.assetcatalog; path = Assets.xcassets; sourceTree = "<group>"; };
		84EC7F5B1EA9031000415463 /* Base */ = {isa = PBXFileReference; lastKnownFileType = file.storyboard; name = Base; path = Base.lproj/LaunchScreen.storyboard; sourceTree = "<group>"; };
		84EC7F5D1EA9031000415463 /* Info.plist */ = {isa = PBXFileReference; lastKnownFileType = text.plist.xml; path = Info.plist; sourceTree = "<group>"; };
		84EC7F631EAA557800415463 /* GoogleService-Info.plist */ = {isa = PBXFileReference; fileEncoding = 4; lastKnownFileType = text.plist.xml; name = "GoogleService-Info.plist"; path = "../GoogleService-Info.plist"; sourceTree = "<group>"; };
/* End PBXFileReference section */

/* Begin PBXFrameworksBuildPhase section */
		84EC7F4B1EA9031000415463 /* Frameworks */ = {
			isa = PBXFrameworksBuildPhase;
			buildActionMask = 2147483647;
			files = (
				F7ED93D5EE27D55108385ACA /* Pods_Blood_Bank_Bangladesh.framework in Frameworks */,
			);
			runOnlyForDeploymentPostprocessing = 0;
		};
/* End PBXFrameworksBuildPhase section */

/* Begin PBXGroup section */
		0BC4870D0DB51616E088B756 /* Frameworks */ = {
			isa = PBXGroup;
			children = (
				29497669D97ACD59DD1F1772 /* Pods_Blood_Bank_Bangladesh.framework */,
			);
			name = Frameworks;
			sourceTree = "<group>";
		};
		84EC7F451EA9031000415463 = {
			isa = PBXGroup;
			children = (
				84EC7F501EA9031000415463 /* Blood Bank Bangladesh */,
				84EC7F4F1EA9031000415463 /* Products */,
				974D6304DD07A33325268A9A /* Pods */,
				0BC4870D0DB51616E088B756 /* Frameworks */,
			);
			sourceTree = "<group>";
		};
		84EC7F4F1EA9031000415463 /* Products */ = {
			isa = PBXGroup;
			children = (
				84EC7F4E1EA9031000415463 /* Blood Bank Bangladesh.app */,
			);
			name = Products;
			sourceTree = "<group>";
		};
		84EC7F501EA9031000415463 /* Blood Bank Bangladesh */ = {
			isa = PBXGroup;
			children = (
				84EBA49F1EABE95D00440D7C /* Constants.swift */,
				84EC7F511EA9031000415463 /* AppDelegate.swift */,
				84EC7F531EA9031000415463 /* SignInViewController.swift */,
				84EC7F551EA9031000415463 /* Main.storyboard */,
				84EC7F581EA9031000415463 /* Assets.xcassets */,
				84EC7F5A1EA9031000415463 /* LaunchScreen.storyboard */,
				84EC7F5D1EA9031000415463 /* Info.plist */,
				84EC7F631EAA557800415463 /* GoogleService-Info.plist */,
				847CBFEC1EAA76FE00F479D0 /* Utilities.swift */,
				840212A61EAB372600356FD3 /* RegisterViewController.swift */,
			);
			path = "Blood Bank Bangladesh";
			sourceTree = "<group>";
		};
		974D6304DD07A33325268A9A /* Pods */ = {
			isa = PBXGroup;
			children = (
				561ABD858ACBF7D5EC583EE7 /* Pods-Blood Bank Bangladesh.debug.xcconfig */,
				2397023F06EBAD9E0AE77161 /* Pods-Blood Bank Bangladesh.release.xcconfig */,
			);
			name = Pods;
			sourceTree = "<group>";
		};
/* End PBXGroup section */

/* Begin PBXNativeTarget section */
		84EC7F4D1EA9031000415463 /* Blood Bank Bangladesh */ = {
			isa = PBXNativeTarget;
			buildConfigurationList = 84EC7F601EA9031000415463 /* Build configuration list for PBXNativeTarget "Blood Bank Bangladesh" */;
			buildPhases = (
				949C1E0FE775F2A259D6E2EF /* [CP] Check Pods Manifest.lock */,
				84EC7F4A1EA9031000415463 /* Sources */,
				84EC7F4B1EA9031000415463 /* Frameworks */,
				84EC7F4C1EA9031000415463 /* Resources */,
				C3D682436CE9DAD83290EB3B /* [CP] Embed Pods Frameworks */,
				83CDCB88A10844CF249C7C65 /* [CP] Copy Pods Resources */,
			);
			buildRules = (
			);
			dependencies = (
			);
			name = "Blood Bank Bangladesh";
			productName = "Blood Bank Bangladesh";
			productReference = 84EC7F4E1EA9031000415463 /* Blood Bank Bangladesh.app */;
			productType = "com.apple.product-type.application";
		};
/* End PBXNativeTarget section */

/* Begin PBXProject section */
		84EC7F461EA9031000415463 /* Project object */ = {
			isa = PBXProject;
			attributes = {
				LastSwiftUpdateCheck = 0820;
				LastUpgradeCheck = 0820;
				ORGANIZATIONNAME = Ahnaf;
				TargetAttributes = {
					84EC7F4D1EA9031000415463 = {
						CreatedOnToolsVersion = 8.2;
						DevelopmentTeam = 4BUH6E86LA;
						ProvisioningStyle = Automatic;
					};
				};
			};
			buildConfigurationList = 84EC7F491EA9031000415463 /* Build configuration list for PBXProject "Blood Bank Bangladesh" */;
			compatibilityVersion = "Xcode 3.2";
			developmentRegion = English;
			hasScannedForEncodings = 0;
			knownRegions = (
				en,
				Base,
			);
			mainGroup = 84EC7F451EA9031000415463;
			productRefGroup = 84EC7F4F1EA9031000415463 /* Products */;
			projectDirPath = "";
			projectRoot = "";
			targets = (
				84EC7F4D1EA9031000415463 /* Blood Bank Bangladesh */,
			);
		};
/* End PBXProject section */

/* Begin PBXResourcesBuildPhase section */
		84EC7F4C1EA9031000415463 /* Resources */ = {
			isa = PBXResourcesBuildPhase;
			buildActionMask = 2147483647;
			files = (
				84EC7F5C1EA9031000415463 /* LaunchScreen.storyboard in Resources */,
				84EC7F641EAA557800415463 /* GoogleService-Info.plist in Resources */,
				84EC7F591EA9031000415463 /* Assets.xcassets in Resources */,
				84EC7F571EA9031000415463 /* Main.storyboard in Resources */,
			);
			runOnlyForDeploymentPostprocessing = 0;
		};
/* End PBXResourcesBuildPhase section */

/* Begin PBXShellScriptBuildPhase section */
		83CDCB88A10844CF249C7C65 /* [CP] Copy Pods Resources */ = {
			isa = PBXShellScriptBuildPhase;
			buildActionMask = 2147483647;
			files = (
			);
			inputPaths = (
			);
			name = "[CP] Copy Pods Resources";
			outputPaths = (
			);
			runOnlyForDeploymentPostprocessing = 0;
			shellPath = /bin/sh;
			shellScript = "\"${SRCROOT}/Pods/Target Support Files/Pods-Blood Bank Bangladesh/Pods-Blood Bank Bangladesh-resources.sh\"\n";
			showEnvVarsInLog = 0;
		};
		949C1E0FE775F2A259D6E2EF /* [CP] Check Pods Manifest.lock */ = {
			isa = PBXShellScriptBuildPhase;
			buildActionMask = 2147483647;
			files = (
			);
			inputPaths = (
			);
			name = "[CP] Check Pods Manifest.lock";
			outputPaths = (
			);
			runOnlyForDeploymentPostprocessing = 0;
			shellPath = /bin/sh;
			shellScript = "diff \"${PODS_ROOT}/../Podfile.lock\" \"${PODS_ROOT}/Manifest.lock\" > /dev/null\nif [ $? != 0 ] ; then\n    # print error to STDERR\n    echo \"error: The sandbox is not in sync with the Podfile.lock. Run 'pod install' or update your CocoaPods installation.\" >&2\n    exit 1\nfi\n";
			showEnvVarsInLog = 0;
		};
		C3D682436CE9DAD83290EB3B /* [CP] Embed Pods Frameworks */ = {
			isa = PBXShellScriptBuildPhase;
			buildActionMask = 2147483647;
			files = (
			);
			inputPaths = (
			);
			name = "[CP] Embed Pods Frameworks";
			outputPaths = (
			);
			runOnlyForDeploymentPostprocessing = 0;
			shellPath = /bin/sh;
			shellScript = "\"${SRCROOT}/Pods/Target Support Files/Pods-Blood Bank Bangladesh/Pods-Blood Bank Bangladesh-frameworks.sh\"\n";
			showEnvVarsInLog = 0;
		};
/* End PBXShellScriptBuildPhase section */

/* Begin PBXSourcesBuildPhase section */
		84EC7F4A1EA9031000415463 /* Sources */ = {
			isa = PBXSourcesBuildPhase;
			buildActionMask = 2147483647;
			files = (
				84EBA4A01EABE95D00440D7C /* Constants.swift in Sources */,
				847CBFED1EAA76FE00F479D0 /* Utilities.swift in Sources */,
				84EC7F541EA9031000415463 /* SignInViewController.swift in Sources */,
				84EC7F521EA9031000415463 /* AppDelegate.swift in Sources */,
				840212A71EAB372600356FD3 /* RegisterViewController.swift in Sources */,
			);
			runOnlyForDeploymentPostprocessing = 0;
		};
/* End PBXSourcesBuildPhase section */

/* Begin PBXVariantGroup section */
		84EC7F551EA9031000415463 /* Main.storyboard */ = {
			isa = PBXVariantGroup;
			children = (
				84EC7F561EA9031000415463 /* Base */,
			);
			name = Main.storyboard;
			sourceTree = "<group>";
		};
		84EC7F5A1EA9031000415463 /* LaunchScreen.storyboard */ = {
			isa = PBXVariantGroup;
			children = (
				84EC7F5B1EA9031000415463 /* Base */,
			);
			name = LaunchScreen.storyboard;
			sourceTree = "<group>";
		};
/* End PBXVariantGroup section */

/* Begin XCBuildConfiguration section */
		84EC7F5E1EA9031000415463 /* Debug */ = {
			isa = XCBuildConfiguration;
			buildSettings = {
				ALWAYS_SEARCH_USER_PATHS = NO;
				CLANG_ANALYZER_NONNULL = YES;
				CLANG_CXX_LANGUAGE_STANDARD = "gnu++0x";
				CLANG_CXX_LIBRARY = "libc++";
				CLANG_ENABLE_MODULES = YES;
				CLANG_ENABLE_OBJC_ARC = YES;
				CLANG_WARN_BOOL_CONVERSION = YES;
				CLANG_WARN_CONSTANT_CONVERSION = YES;
				CLANG_WARN_DIRECT_OBJC_ISA_USAGE = YES_ERROR;
				CLANG_WARN_DOCUMENTATION_COMMENTS = YES;
				CLANG_WARN_EMPTY_BODY = YES;
				CLANG_WARN_ENUM_CONVERSION = YES;
				CLANG_WARN_INFINITE_RECURSION = YES;
				CLANG_WARN_INT_CONVERSION = YES;
				CLANG_WARN_OBJC_ROOT_CLASS = YES_ERROR;
				CLANG_WARN_SUSPICIOUS_MOVE = YES;
				CLANG_WARN_UNREACHABLE_CODE = YES;
				CLANG_WARN__DUPLICATE_METHOD_MATCH = YES;
				"CODE_SIGN_IDENTITY[sdk=iphoneos*]" = "iPhone Developer";
				COPY_PHASE_STRIP = NO;
				DEBUG_INFORMATION_FORMAT = dwarf;
				ENABLE_STRICT_OBJC_MSGSEND = YES;
				ENABLE_TESTABILITY = YES;
				GCC_C_LANGUAGE_STANDARD = gnu99;
				GCC_DYNAMIC_NO_PIC = NO;
				GCC_NO_COMMON_BLOCKS = YES;
				GCC_OPTIMIZATION_LEVEL = 0;
				GCC_PREPROCESSOR_DEFINITIONS = (
					"DEBUG=1",
					"$(inherited)",
				);
				GCC_WARN_64_TO_32_BIT_CONVERSION = YES;
				GCC_WARN_ABOUT_RETURN_TYPE = YES_ERROR;
				GCC_WARN_UNDECLARED_SELECTOR = YES;
				GCC_WARN_UNINITIALIZED_AUTOS = YES_AGGRESSIVE;
				GCC_WARN_UNUSED_FUNCTION = YES;
				GCC_WARN_UNUSED_VARIABLE = YES;
				IPHONEOS_DEPLOYMENT_TARGET = 10.2;
				MTL_ENABLE_DEBUG_INFO = YES;
				ONLY_ACTIVE_ARCH = YES;
				SDKROOT = iphoneos;
				SWIFT_ACTIVE_COMPILATION_CONDITIONS = DEBUG;
				SWIFT_OPTIMIZATION_LEVEL = "-Onone";
			};
			name = Debug;
		};
		84EC7F5F1EA9031000415463 /* Release */ = {
			isa = XCBuildConfiguration;
			buildSettings = {
				ALWAYS_SEARCH_USER_PATHS = NO;
				CLANG_ANALYZER_NONNULL = YES;
				CLANG_CXX_LANGUAGE_STANDARD = "gnu++0x";
				CLANG_CXX_LIBRARY = "libc++";
				CLANG_ENABLE_MODULES = YES;
				CLANG_ENABLE_OBJC_ARC = YES;
				CLANG_WARN_BOOL_CONVERSION = YES;
				CLANG_WARN_CONSTANT_CONVERSION = YES;
				CLANG_WARN_DIRECT_OBJC_ISA_USAGE = YES_ERROR;
				CLANG_WARN_DOCUMENTATION_COMMENTS = YES;
				CLANG_WARN_EMPTY_BODY = YES;
				CLANG_WARN_ENUM_CONVERSION = YES;
				CLANG_WARN_INFINITE_RECURSION = YES;
				CLANG_WARN_INT_CONVERSION = YES;
				CLANG_WARN_OBJC_ROOT_CLASS = YES_ERROR;
				CLANG_WARN_SUSPICIOUS_MOVE = YES;
				CLANG_WARN_UNREACHABLE_CODE = YES;
				CLANG_WARN__DUPLICATE_METHOD_MATCH = YES;
				"CODE_SIGN_IDENTITY[sdk=iphoneos*]" = "iPhone Developer";
				COPY_PHASE_STRIP = NO;
				DEBUG_INFORMATION_FORMAT = "dwarf-with-dsym";
				ENABLE_NS_ASSERTIONS = NO;
				ENABLE_STRICT_OBJC_MSGSEND = YES;
				GCC_C_LANGUAGE_STANDARD = gnu99;
				GCC_NO_COMMON_BLOCKS = YES;
				GCC_WARN_64_TO_32_BIT_CONVERSION = YES;
				GCC_WARN_ABOUT_RETURN_TYPE = YES_ERROR;
				GCC_WARN_UNDECLARED_SELECTOR = YES;
				GCC_WARN_UNINITIALIZED_AUTOS = YES_AGGRESSIVE;
				GCC_WARN_UNUSED_FUNCTION = YES;
				GCC_WARN_UNUSED_VARIABLE = YES;
				IPHONEOS_DEPLOYMENT_TARGET = 10.2;
				MTL_ENABLE_DEBUG_INFO = NO;
				SDKROOT = iphoneos;
				SWIFT_OPTIMIZATION_LEVEL = "-Owholemodule";
				VALIDATE_PRODUCT = YES;
			};
			name = Release;
		};
		84EC7F611EA9031000415463 /* Debug */ = {
			isa = XCBuildConfiguration;
			baseConfigurationReference = 561ABD858ACBF7D5EC583EE7 /* Pods-Blood Bank Bangladesh.debug.xcconfig */;
			buildSettings = {
				ASSETCATALOG_COMPILER_APPICON_NAME = AppIcon;
				DEVELOPMENT_TEAM = 4BUH6E86LA;
				INFOPLIST_FILE = "Blood Bank Bangladesh/Info.plist";
				LD_RUNPATH_SEARCH_PATHS = "$(inherited) @executable_path/Frameworks";
				PRODUCT_BUNDLE_IDENTIFIER = "com.ahnafdev.Blood-Bank-Bangladesh";
				PRODUCT_NAME = "$(TARGET_NAME)";
				SWIFT_VERSION = 3.0;
			};
			name = Debug;
		};
		84EC7F621EA9031000415463 /* Release */ = {
			isa = XCBuildConfiguration;
			baseConfigurationReference = 2397023F06EBAD9E0AE77161 /* Pods-Blood Bank Bangladesh.release.xcconfig */;
			buildSettings = {
				ASSETCATALOG_COMPILER_APPICON_NAME = AppIcon;
				DEVELOPMENT_TEAM = 4BUH6E86LA;
				INFOPLIST_FILE = "Blood Bank Bangladesh/Info.plist";
				LD_RUNPATH_SEARCH_PATHS = "$(inherited) @executable_path/Frameworks";
				PRODUCT_BUNDLE_IDENTIFIER = "com.ahnafdev.Blood-Bank-Bangladesh";
				PRODUCT_NAME = "$(TARGET_NAME)";
				SWIFT_VERSION = 3.0;
			};
			name = Release;
		};
/* End XCBuildConfiguration section */

/* Begin XCConfigurationList section */
		84EC7F491EA9031000415463 /* Build configuration list for PBXProject "Blood Bank Bangladesh" */ = {
			isa = XCConfigurationList;
			buildConfigurations = (
				84EC7F5E1EA9031000415463 /* Debug */,
				84EC7F5F1EA9031000415463 /* Release */,
			);
			defaultConfigurationIsVisible = 0;
			defaultConfigurationName = Release;
		};
		84EC7F601EA9031000415463 /* Build configuration list for PBXNativeTarget "Blood Bank Bangladesh" */ = {
			isa = XCConfigurationList;
			buildConfigurations = (
				84EC7F611EA9031000415463 /* Debug */,
				84EC7F621EA9031000415463 /* Release */,
			);
			defaultConfigurationIsVisible = 0;
			defaultConfigurationName = Release;
		};
/* End XCConfigurationList section */
	};
	rootObject = 84EC7F461EA9031000415463 /* Project object */;
}
